
Microsoft Visual Studio Solution File, Format Version 12.00
# Visual Studio Version 17
VisualStudioVersion = 17.7.34031.279
MinimumVisualStudioVersion = 10.0.40219.1
Project("{FAE04EC0-301F-11D3-BF4B-00C04F79EFBC}") = "Lab2_24", "Lab2_24.csproj", "{1E3195E3-D217-4FA7-B0DA-F21D1637AC00}"
EndProject
Global
	GlobalSection(SolutionConfigurationPlatforms) = preSolution
		Debug|Any CPU = Debug|Any CPU
		Release|Any CPU = Release|Any CPU
	EndGlobalSection
	GlobalSection(ProjectConfigurationPlatforms) = postSolution
		{1E3195E3-D217-4FA7-B0DA-F21D1637AC00}.Debug|Any CPU.ActiveCfg = Debug|Any CPU
		{1E3195E3-D217-4FA7-B0DA-F21D1637AC00}.Debug|Any CPU.Build.0 = Debug|Any CPU
		{1E3195E3-D217-4FA7-B0DA-F21D1637AC00}.Release|Any CPU.ActiveCfg = Release|Any CPU
		{1E3195E3-D217-4FA7-B0DA-F21D1637AC00}.Release|Any CPU.Build.0 = Release|Any CPU
	EndGlobalSection
	GlobalSection(SolutionProperties) = preSolution
		HideSolutionNode = FALSE
	EndGlobalSection
	GlobalSection(ExtensibilityGlobals) = postSolution
		SolutionGuid = {30F4DE01-86DD-4497-85A1-53A527F5CB54}
	EndGlobalSection
EndGlobal
